
Microsoft Visual Studio Solution File, Format Version 12.00
# Visual Studio 2012
Project("{FAE04EC0-301F-11D3-BF4B-00C04F79EFBC}") = "PMI21_TeachingPractice", "PMI21_TeachingPractice\PMI21_TeachingPractice.csproj", "{1386FD25-272A-411E-8AE0-8E3D82BBE39B}"
EndProject
Global
	GlobalSection(SolutionConfigurationPlatforms) = preSolution
		Debug|Any CPU = Debug|Any CPU
		Release|Any CPU = Release|Any CPU
	EndGlobalSection
	GlobalSection(ProjectConfigurationPlatforms) = postSolution
		{1386FD25-272A-411E-8AE0-8E3D82BBE39B}.Debug|Any CPU.ActiveCfg = Debug|Any CPU
		{1386FD25-272A-411E-8AE0-8E3D82BBE39B}.Debug|Any CPU.Build.0 = Debug|Any CPU
		{1386FD25-272A-411E-8AE0-8E3D82BBE39B}.Release|Any CPU.ActiveCfg = Release|Any CPU
		{1386FD25-272A-411E-8AE0-8E3D82BBE39B}.Release|Any CPU.Build.0 = Release|Any CPU
	EndGlobalSection
	GlobalSection(SolutionProperties) = preSolution
		HideSolutionNode = FALSE
	EndGlobalSection
EndGlobal
